
Microsoft Visual Studio Solution File, Format Version 12.00
# Visual Studio Version 17
VisualStudioVersion = 17.0.31903.59
MinimumVisualStudioVersion = 10.0.40219.1
Project("{2150E333-8FDC-42A3-9474-1A3956D46DE8}") = "src", "src", "{827E0CD3-B72D-47B6-A68D-7590B98EB39B}"
EndProject
Project("{FAE04EC0-301F-11D3-BF4B-00C04F79EFBC}") = "Domain", "src\Domain\Domain.csproj", "{23F2F21A-6242-453C-9034-1DDB77736FD7}"
EndProject
Project("{FAE04EC0-301F-11D3-BF4B-00C04F79EFBC}") = "Application", "src\Application\Application.csproj", "{F152B5AB-ECF9-4DEF-A85A-84399EC0330A}"
EndProject
Project("{FAE04EC0-301F-11D3-BF4B-00C04F79EFBC}") = "Infrastructure", "src\Infrastructure\Infrastructure.csproj", "{5D92CE56-A346-4092-BEA1-E124B98BD95F}"
EndProject
Project("{FAE04EC0-301F-11D3-BF4B-00C04F79EFBC}") = "API", "src\API\API.csproj", "{B4864DB2-5D44-4E87-B88C-7237A81119B5}"
EndProject
Project("{2150E333-8FDC-42A3-9474-1A3956D46DE8}") = "tests", "tests", "{0AB3BF05-4346-4AA6-1389-037BE0695223}"
EndProject
Project("{FAE04EC0-301F-11D3-BF4B-00C04F79EFBC}") = "Domain.Tests", "tests\Domain.Tests\Domain.Tests.csproj", "{BF62F4A9-1C21-4F75-AAC6-35D19BC74B2D}"
EndProject
Project("{FAE04EC0-301F-11D3-BF4B-00C04F79EFBC}") = "Application.Tests", "tests\Application.Tests\Application.Tests.csproj", "{A9999C7E-C620-4A94-96E2-754FEAF9AD2B}"
EndProject
Project("{FAE04EC0-301F-11D3-BF4B-00C04F79EFBC}") = "API.Tests", "tests\API.Tests\API.Tests.csproj", "{8A530256-3062-4E49-AA3D-5CC720C43E2F}"
EndProject
Global
	GlobalSection(SolutionConfigurationPlatforms) = preSolution
		Debug|Any CPU = Debug|Any CPU
		Debug|x64 = Debug|x64
		Debug|x86 = Debug|x86
		Release|Any CPU = Release|Any CPU
		Release|x64 = Release|x64
		Release|x86 = Release|x86
	EndGlobalSection
	GlobalSection(ProjectConfigurationPlatforms) = postSolution
		{23F2F21A-6242-453C-9034-1DDB77736FD7}.Debug|Any CPU.ActiveCfg = Debug|Any CPU
		{23F2F21A-6242-453C-9034-1DDB77736FD7}.Debug|Any CPU.Build.0 = Debug|Any CPU
		{23F2F21A-6242-453C-9034-1DDB77736FD7}.Debug|x64.ActiveCfg = Debug|Any CPU
		{23F2F21A-6242-453C-9034-1DDB77736FD7}.Debug|x64.Build.0 = Debug|Any CPU
		{23F2F21A-6242-453C-9034-1DDB77736FD7}.Debug|x86.ActiveCfg = Debug|Any CPU
		{23F2F21A-6242-453C-9034-1DDB77736FD7}.Debug|x86.Build.0 = Debug|Any CPU
		{23F2F21A-6242-453C-9034-1DDB77736FD7}.Release|Any CPU.ActiveCfg = Release|Any CPU
		{23F2F21A-6242-453C-9034-1DDB77736FD7}.Release|Any CPU.Build.0 = Release|Any CPU
		{23F2F21A-6242-453C-9034-1DDB77736FD7}.Release|x64.ActiveCfg = Release|Any CPU
		{23F2F21A-6242-453C-9034-1DDB77736FD7}.Release|x64.Build.0 = Release|Any CPU
		{23F2F21A-6242-453C-9034-1DDB77736FD7}.Release|x86.ActiveCfg = Release|Any CPU
		{23F2F21A-6242-453C-9034-1DDB77736FD7}.Release|x86.Build.0 = Release|Any CPU
		{F152B5AB-ECF9-4DEF-A85A-84399EC0330A}.Debug|Any CPU.ActiveCfg = Debug|Any CPU
		{F152B5AB-ECF9-4DEF-A85A-84399EC0330A}.Debug|Any CPU.Build.0 = Debug|Any CPU
		{F152B5AB-ECF9-4DEF-A85A-84399EC0330A}.Debug|x64.ActiveCfg = Debug|Any CPU
		{F152B5AB-ECF9-4DEF-A85A-84399EC0330A}.Debug|x64.Build.0 = Debug|Any CPU
		{F152B5AB-ECF9-4DEF-A85A-84399EC0330A}.Debug|x86.ActiveCfg = Debug|Any CPU
		{F152B5AB-ECF9-4DEF-A85A-84399EC0330A}.Debug|x86.Build.0 = Debug|Any CPU
		{F152B5AB-ECF9-4DEF-A85A-84399EC0330A}.Release|Any CPU.ActiveCfg = Release|Any CPU
		{F152B5AB-ECF9-4DEF-A85A-84399EC0330A}.Release|Any CPU.Build.0 = Release|Any CPU
		{F152B5AB-ECF9-4DEF-A85A-84399EC0330A}.Release|x64.ActiveCfg = Release|Any CPU
		{F152B5AB-ECF9-4DEF-A85A-84399EC0330A}.Release|x64.Build.0 = Release|Any CPU
		{F152B5AB-ECF9-4DEF-A85A-84399EC0330A}.Release|x86.ActiveCfg = Release|Any CPU
		{F152B5AB-ECF9-4DEF-A85A-84399EC0330A}.Release|x86.Build.0 = Release|Any CPU
		{5D92CE56-A346-4092-BEA1-E124B98BD95F}.Debug|Any CPU.ActiveCfg = Debug|Any CPU
		{5D92CE56-A346-4092-BEA1-E124B98BD95F}.Debug|Any CPU.Build.0 = Debug|Any CPU
		{5D92CE56-A346-4092-BEA1-E124B98BD95F}.Debug|x64.ActiveCfg = Debug|Any CPU
		{5D92CE56-A346-4092-BEA1-E124B98BD95F}.Debug|x64.Build.0 = Debug|Any CPU
		{5D92CE56-A346-4092-BEA1-E124B98BD95F}.Debug|x86.ActiveCfg = Debug|Any CPU
		{5D92CE56-A346-4092-BEA1-E124B98BD95F}.Debug|x86.Build.0 = Debug|Any CPU
		{5D92CE56-A346-4092-BEA1-E124B98BD95F}.Release|Any CPU.ActiveCfg = Release|Any CPU
		{5D92CE56-A346-4092-BEA1-E124B98BD95F}.Release|Any CPU.Build.0 = Release|Any CPU
		{5D92CE56-A346-4092-BEA1-E124B98BD95F}.Release|x64.ActiveCfg = Release|Any CPU
		{5D92CE56-A346-4092-BEA1-E124B98BD95F}.Release|x64.Build.0 = Release|Any CPU
		{5D92CE56-A346-4092-BEA1-E124B98BD95F}.Release|x86.ActiveCfg = Release|Any CPU
		{5D92CE56-A346-4092-BEA1-E124B98BD95F}.Release|x86.Build.0 = Release|Any CPU
		{B4864DB2-5D44-4E87-B88C-7237A81119B5}.Debug|Any CPU.ActiveCfg = Debug|Any CPU
		{B4864DB2-5D44-4E87-B88C-7237A81119B5}.Debug|Any CPU.Build.0 = Debug|Any CPU
		{B4864DB2-5D44-4E87-B88C-7237A81119B5}.Debug|x64.ActiveCfg = Debug|Any CPU
		{B4864DB2-5D44-4E87-B88C-7237A81119B5}.Debug|x64.Build.0 = Debug|Any CPU
		{B4864DB2-5D44-4E87-B88C-7237A81119B5}.Debug|x86.ActiveCfg = Debug|Any CPU
		{B4864DB2-5D44-4E87-B88C-7237A81119B5}.Debug|x86.Build.0 = Debug|Any CPU
		{B4864DB2-5D44-4E87-B88C-7237A81119B5}.Release|Any CPU.ActiveCfg = Release|Any CPU
		{B4864DB2-5D44-4E87-B88C-7237A81119B5}.Release|Any CPU.Build.0 = Release|Any CPU
		{B4864DB2-5D44-4E87-B88C-7237A81119B5}.Release|x64.ActiveCfg = Release|Any CPU
		{B4864DB2-5D44-4E87-B88C-7237A81119B5}.Release|x64.Build.0 = Release|Any CPU
		{B4864DB2-5D44-4E87-B88C-7237A81119B5}.Release|x86.ActiveCfg = Release|Any CPU
		{B4864DB2-5D44-4E87-B88C-7237A81119B5}.Release|x86.Build.0 = Release|Any CPU
		{BF62F4A9-1C21-4F75-AAC6-35D19BC74B2D}.Debug|Any CPU.ActiveCfg = Debug|Any CPU
		{BF62F4A9-1C21-4F75-AAC6-35D19BC74B2D}.Debug|Any CPU.Build.0 = Debug|Any CPU
		{BF62F4A9-1C21-4F75-AAC6-35D19BC74B2D}.Debug|x64.ActiveCfg = Debug|Any CPU
		{BF62F4A9-1C21-4F75-AAC6-35D19BC74B2D}.Debug|x64.Build.0 = Debug|Any CPU
		{BF62F4A9-1C21-4F75-AAC6-35D19BC74B2D}.Debug|x86.ActiveCfg = Debug|Any CPU
		{BF62F4A9-1C21-4F75-AAC6-35D19BC74B2D}.Debug|x86.Build.0 = Debug|Any CPU
		{BF62F4A9-1C21-4F75-AAC6-35D19BC74B2D}.Release|Any CPU.ActiveCfg = Release|Any CPU
		{BF62F4A9-1C21-4F75-AAC6-35D19BC74B2D}.Release|Any CPU.Build.0 = Release|Any CPU
		{BF62F4A9-1C21-4F75-AAC6-35D19BC74B2D}.Release|x64.ActiveCfg = Release|Any CPU
		{BF62F4A9-1C21-4F75-AAC6-35D19BC74B2D}.Release|x64.Build.0 = Release|Any CPU
		{BF62F4A9-1C21-4F75-AAC6-35D19BC74B2D}.Release|x86.ActiveCfg = Release|Any CPU
		{BF62F4A9-1C21-4F75-AAC6-35D19BC74B2D}.Release|x86.Build.0 = Release|Any CPU
		{A9999C7E-C620-4A94-96E2-754FEAF9AD2B}.Debug|Any CPU.ActiveCfg = Debug|Any CPU
		{A9999C7E-C620-4A94-96E2-754FEAF9AD2B}.Debug|Any CPU.Build.0 = Debug|Any CPU
		{A9999C7E-C620-4A94-96E2-754FEAF9AD2B}.Debug|x64.ActiveCfg = Debug|Any CPU
		{A9999C7E-C620-4A94-96E2-754FEAF9AD2B}.Debug|x64.Build.0 = Debug|Any CPU
		{A9999C7E-C620-4A94-96E2-754FEAF9AD2B}.Debug|x86.ActiveCfg = Debug|Any CPU
		{A9999C7E-C620-4A94-96E2-754FEAF9AD2B}.Debug|x86.Build.0 = Debug|Any CPU
		{A9999C7E-C620-4A94-96E2-754FEAF9AD2B}.Release|Any CPU.ActiveCfg = Release|Any CPU
		{A9999C7E-C620-4A94-96E2-754FEAF9AD2B}.Release|Any CPU.Build.0 = Release|Any CPU
		{A9999C7E-C620-4A94-96E2-754FEAF9AD2B}.Release|x64.ActiveCfg = Release|Any CPU
		{A9999C7E-C620-4A94-96E2-754FEAF9AD2B}.Release|x64.Build.0 = Release|Any CPU
		{A9999C7E-C620-4A94-96E2-754FEAF9AD2B}.Release|x86.ActiveCfg = Release|Any CPU
		{A9999C7E-C620-4A94-96E2-754FEAF9AD2B}.Release|x86.Build.0 = Release|Any CPU
		{8A530256-3062-4E49-AA3D-5CC720C43E2F}.Debug|Any CPU.ActiveCfg = Debug|Any CPU
		{8A530256-3062-4E49-AA3D-5CC720C43E2F}.Debug|Any CPU.Build.0 = Debug|Any CPU
		{8A530256-3062-4E49-AA3D-5CC720C43E2F}.Debug|x64.ActiveCfg = Debug|Any CPU
		{8A530256-3062-4E49-AA3D-5CC720C43E2F}.Debug|x64.Build.0 = Debug|Any CPU
		{8A530256-3062-4E49-AA3D-5CC720C43E2F}.Debug|x86.ActiveCfg = Debug|Any CPU
		{8A530256-3062-4E49-AA3D-5CC720C43E2F}.Debug|x86.Build.0 = Debug|Any CPU
		{8A530256-3062-4E49-AA3D-5CC720C43E2F}.Release|Any CPU.ActiveCfg = Release|Any CPU
		{8A530256-3062-4E49-AA3D-5CC720C43E2F}.Release|Any CPU.Build.0 = Release|Any CPU
		{8A530256-3062-4E49-AA3D-5CC720C43E2F}.Release|x64.ActiveCfg = Release|Any CPU
		{8A530256-3062-4E49-AA3D-5CC720C43E2F}.Release|x64.Build.0 = Release|Any CPU
		{8A530256-3062-4E49-AA3D-5CC720C43E2F}.Release|x86.ActiveCfg = Release|Any CPU
		{8A530256-3062-4E49-AA3D-5CC720C43E2F}.Release|x86.Build.0 = Release|Any CPU
	EndGlobalSection
	GlobalSection(SolutionProperties) = preSolution
		HideSolutionNode = FALSE
	EndGlobalSection
	GlobalSection(NestedProjects) = preSolution
		{23F2F21A-6242-453C-9034-1DDB77736FD7} = {827E0CD3-B72D-47B6-A68D-7590B98EB39B}
		{F152B5AB-ECF9-4DEF-A85A-84399EC0330A} = {827E0CD3-B72D-47B6-A68D-7590B98EB39B}
		{5D92CE56-A346-4092-BEA1-E124B98BD95F} = {827E0CD3-B72D-47B6-A68D-7590B98EB39B}
		{B4864DB2-5D44-4E87-B88C-7237A81119B5} = {827E0CD3-B72D-47B6-A68D-7590B98EB39B}
		{BF62F4A9-1C21-4F75-AAC6-35D19BC74B2D} = {0AB3BF05-4346-4AA6-1389-037BE0695223}
		{A9999C7E-C620-4A94-96E2-754FEAF9AD2B} = {0AB3BF05-4346-4AA6-1389-037BE0695223}
		{8A530256-3062-4E49-AA3D-5CC720C43E2F} = {0AB3BF05-4346-4AA6-1389-037BE0695223}
	EndGlobalSection
EndGlobal
